
Microsoft Visual Studio Solution File, Format Version 12.00
# Visual Studio Version 17
VisualStudioVersion = 17.6.33815.320
MinimumVisualStudioVersion = 10.0.40219.1
Project("{FAE04EC0-301F-11D3-BF4B-00C04F79EFBC}") = "HavaLimaniMVCprojesi", "HavaLimaniMVCprojesi\HavaLimaniMVCprojesi.csproj", "{EA305970-F65E-4B1D-8E0A-836830E277CB}"
EndProject
Global
	GlobalSection(SolutionConfigurationPlatforms) = preSolution
		Debug|Any CPU = Debug|Any CPU
		Release|Any CPU = Release|Any CPU
	EndGlobalSection
	GlobalSection(ProjectConfigurationPlatforms) = postSolution
		{EA305970-F65E-4B1D-8E0A-836830E277CB}.Debug|Any CPU.ActiveCfg = Debug|Any CPU
		{EA305970-F65E-4B1D-8E0A-836830E277CB}.Debug|Any CPU.Build.0 = Debug|Any CPU
		{EA305970-F65E-4B1D-8E0A-836830E277CB}.Release|Any CPU.ActiveCfg = Release|Any CPU
		{EA305970-F65E-4B1D-8E0A-836830E277CB}.Release|Any CPU.Build.0 = Release|Any CPU
	EndGlobalSection
	GlobalSection(SolutionProperties) = preSolution
		HideSolutionNode = FALSE
	EndGlobalSection
	GlobalSection(ExtensibilityGlobals) = postSolution
		SolutionGuid = {A3186D0E-CB62-46FD-A398-93FB937FC6B3}
	EndGlobalSection
EndGlobal
